
Microsoft Visual Studio Solution File, Format Version 12.00
Project("{2150E333-8FDC-42A3-9474-1A3956D46DE8}") = "Services", "Services", "{210690DF-C434-4BEC-B313-03788620C2D7}"
EndProject
Project("{FAE04EC0-301F-11D3-BF4B-00C04F79EFBC}") = "docker-compose", "docker-compose.dcproj", "{9A733F6B-AAF2-4C34-9FE2-400339E7EA5E}"
EndProject
Project("{2150E333-8FDC-42A3-9474-1A3956D46DE8}") = "Ordering", "Ordering", "{70C069A4-41E2-44E3-962C-13ADFDA52509}"
EndProject
Project("{FAE04EC0-301F-11D3-BF4B-00C04F79EFBC}") = "Ordering.API", "Services\Ordering\Ordering.API\Ordering.API.csproj", "{0835A7FB-9409-4A41-8F4D-4F5FEEE8BD90}"
EndProject
Project("{FAE04EC0-301F-11D3-BF4B-00C04F79EFBC}") = "Ordering.Domain", "Services\Ordering\Ordering.Domain\Ordering.Domain.csproj", "{3BF66208-2CB9-4914-B481-2299F14FDCB2}"
EndProject
Project("{FAE04EC0-301F-11D3-BF4B-00C04F79EFBC}") = "Ordering.Application", "Services\Ordering\Ordering.Application\Ordering.Application.csproj", "{4CCF077B-66AD-4173-91B2-0B28843E422A}"
EndProject
Project("{FAE04EC0-301F-11D3-BF4B-00C04F79EFBC}") = "Ordering.Infrastructure", "Services\Ordering\Ordering.Infrastructure\Ordering.Infrastructure.csproj", "{521F5B01-570D-41F2-8504-44B240DCE665}"
EndProject
Project("{2150E333-8FDC-42A3-9474-1A3956D46DE8}") = "Discount", "Discount", "{31AB6425-FD59-4616-A11C-C11FEB3EE08E}"
EndProject
Project("{FAE04EC0-301F-11D3-BF4B-00C04F79EFBC}") = "Discount.API", "Services\Discount\Discount.API\Discount.API.csproj", "{25650891-B628-4ACC-9484-AC9AB7C32365}"
EndProject
Project("{FAE04EC0-301F-11D3-BF4B-00C04F79EFBC}") = "Discount.Grpc", "Services\Discount\Discount.Grpc\Discount.Grpc.csproj", "{30EB5F52-4C3C-4D3E-9BE0-E1C85F820408}"
EndProject
Project("{2150E333-8FDC-42A3-9474-1A3956D46DE8}") = "Basket", "Basket", "{E096F61C-134E-42C7-A4B4-1330BD7A1D0B}"
EndProject
Project("{2150E333-8FDC-42A3-9474-1A3956D46DE8}") = "Catalog", "Catalog", "{D4684F3E-E9DE-4156-A4D0-14E1C032DE4E}"
EndProject
Project("{FAE04EC0-301F-11D3-BF4B-00C04F79EFBC}") = "Basket.API", "Services\Basket\Basket.API\Basket.API.csproj", "{7C9C1B6C-0371-4394-B18A-1A54BEB43CEC}"
EndProject
Project("{FAE04EC0-301F-11D3-BF4B-00C04F79EFBC}") = "Catalog.API", "Services\Catalog\Catalog.API\Catalog.API.csproj", "{4613CB8A-16E0-4F99-B9FD-DEA4AEF53CF4}"
EndProject
Project("{2150E333-8FDC-42A3-9474-1A3956D46DE8}") = "BuildingBlocks", "BuildingBlocks", "{7F4E35E7-81C2-4D6A-8B75-CC7CE1739A32}"
EndProject
Project("{FAE04EC0-301F-11D3-BF4B-00C04F79EFBC}") = "EventBus.Messages", "BuildingBlocks\EventBus.Messages\EventBus.Messages.csproj", "{749E358C-DBC7-4663-A0B5-5B062EE4AE37}"
EndProject
Project("{2150E333-8FDC-42A3-9474-1A3956D46DE8}") = "ApiGateways", "ApiGateways", "{1207B605-1D5C-4B20-80B2-C420E640429A}"
EndProject
Project("{FAE04EC0-301F-11D3-BF4B-00C04F79EFBC}") = "OcelotApiGw", "ApiGateways\OcelotApiGw\OcelotApiGw.csproj", "{6EE1E2DC-062C-43DE-84A3-96489A1FBAFF}"
EndProject
Global
	GlobalSection(SolutionConfigurationPlatforms) = preSolution
		Debug|Any CPU = Debug|Any CPU
		Release|Any CPU = Release|Any CPU
	EndGlobalSection
	GlobalSection(NestedProjects) = preSolution
		{70C069A4-41E2-44E3-962C-13ADFDA52509} = {210690DF-C434-4BEC-B313-03788620C2D7}
		{0835A7FB-9409-4A41-8F4D-4F5FEEE8BD90} = {70C069A4-41E2-44E3-962C-13ADFDA52509}
		{3BF66208-2CB9-4914-B481-2299F14FDCB2} = {70C069A4-41E2-44E3-962C-13ADFDA52509}
		{4CCF077B-66AD-4173-91B2-0B28843E422A} = {70C069A4-41E2-44E3-962C-13ADFDA52509}
		{521F5B01-570D-41F2-8504-44B240DCE665} = {70C069A4-41E2-44E3-962C-13ADFDA52509}
		{31AB6425-FD59-4616-A11C-C11FEB3EE08E} = {210690DF-C434-4BEC-B313-03788620C2D7}
		{25650891-B628-4ACC-9484-AC9AB7C32365} = {31AB6425-FD59-4616-A11C-C11FEB3EE08E}
		{30EB5F52-4C3C-4D3E-9BE0-E1C85F820408} = {31AB6425-FD59-4616-A11C-C11FEB3EE08E}
		{E096F61C-134E-42C7-A4B4-1330BD7A1D0B} = {210690DF-C434-4BEC-B313-03788620C2D7}
		{D4684F3E-E9DE-4156-A4D0-14E1C032DE4E} = {210690DF-C434-4BEC-B313-03788620C2D7}
		{7C9C1B6C-0371-4394-B18A-1A54BEB43CEC} = {E096F61C-134E-42C7-A4B4-1330BD7A1D0B}
		{4613CB8A-16E0-4F99-B9FD-DEA4AEF53CF4} = {D4684F3E-E9DE-4156-A4D0-14E1C032DE4E}
		{749E358C-DBC7-4663-A0B5-5B062EE4AE37} = {7F4E35E7-81C2-4D6A-8B75-CC7CE1739A32}
		{6EE1E2DC-062C-43DE-84A3-96489A1FBAFF} = {1207B605-1D5C-4B20-80B2-C420E640429A}
	EndGlobalSection
	GlobalSection(ProjectConfigurationPlatforms) = postSolution
		{9A733F6B-AAF2-4C34-9FE2-400339E7EA5E}.Debug|Any CPU.ActiveCfg = Debug|Any CPU
		{9A733F6B-AAF2-4C34-9FE2-400339E7EA5E}.Debug|Any CPU.Build.0 = Debug|Any CPU
		{9A733F6B-AAF2-4C34-9FE2-400339E7EA5E}.Release|Any CPU.ActiveCfg = Debug|Any CPU
		{9A733F6B-AAF2-4C34-9FE2-400339E7EA5E}.Release|Any CPU.Build.0 = Debug|Any CPU
		{0835A7FB-9409-4A41-8F4D-4F5FEEE8BD90}.Debug|Any CPU.ActiveCfg = Debug|Any CPU
		{0835A7FB-9409-4A41-8F4D-4F5FEEE8BD90}.Debug|Any CPU.Build.0 = Debug|Any CPU
		{0835A7FB-9409-4A41-8F4D-4F5FEEE8BD90}.Release|Any CPU.ActiveCfg = Release|Any CPU
		{0835A7FB-9409-4A41-8F4D-4F5FEEE8BD90}.Release|Any CPU.Build.0 = Release|Any CPU
		{3BF66208-2CB9-4914-B481-2299F14FDCB2}.Debug|Any CPU.ActiveCfg = Debug|Any CPU
		{3BF66208-2CB9-4914-B481-2299F14FDCB2}.Debug|Any CPU.Build.0 = Debug|Any CPU
		{3BF66208-2CB9-4914-B481-2299F14FDCB2}.Release|Any CPU.ActiveCfg = Release|Any CPU
		{3BF66208-2CB9-4914-B481-2299F14FDCB2}.Release|Any CPU.Build.0 = Release|Any CPU
		{4CCF077B-66AD-4173-91B2-0B28843E422A}.Debug|Any CPU.ActiveCfg = Debug|Any CPU
		{4CCF077B-66AD-4173-91B2-0B28843E422A}.Debug|Any CPU.Build.0 = Debug|Any CPU
		{4CCF077B-66AD-4173-91B2-0B28843E422A}.Release|Any CPU.ActiveCfg = Release|Any CPU
		{4CCF077B-66AD-4173-91B2-0B28843E422A}.Release|Any CPU.Build.0 = Release|Any CPU
		{521F5B01-570D-41F2-8504-44B240DCE665}.Debug|Any CPU.ActiveCfg = Debug|Any CPU
		{521F5B01-570D-41F2-8504-44B240DCE665}.Debug|Any CPU.Build.0 = Debug|Any CPU
		{521F5B01-570D-41F2-8504-44B240DCE665}.Release|Any CPU.ActiveCfg = Release|Any CPU
		{521F5B01-570D-41F2-8504-44B240DCE665}.Release|Any CPU.Build.0 = Release|Any CPU
		{25650891-B628-4ACC-9484-AC9AB7C32365}.Debug|Any CPU.ActiveCfg = Debug|Any CPU
		{25650891-B628-4ACC-9484-AC9AB7C32365}.Debug|Any CPU.Build.0 = Debug|Any CPU
		{25650891-B628-4ACC-9484-AC9AB7C32365}.Release|Any CPU.ActiveCfg = Release|Any CPU
		{25650891-B628-4ACC-9484-AC9AB7C32365}.Release|Any CPU.Build.0 = Release|Any CPU
		{30EB5F52-4C3C-4D3E-9BE0-E1C85F820408}.Debug|Any CPU.ActiveCfg = Debug|Any CPU
		{30EB5F52-4C3C-4D3E-9BE0-E1C85F820408}.Debug|Any CPU.Build.0 = Debug|Any CPU
		{30EB5F52-4C3C-4D3E-9BE0-E1C85F820408}.Release|Any CPU.ActiveCfg = Release|Any CPU
		{30EB5F52-4C3C-4D3E-9BE0-E1C85F820408}.Release|Any CPU.Build.0 = Release|Any CPU
		{7C9C1B6C-0371-4394-B18A-1A54BEB43CEC}.Debug|Any CPU.ActiveCfg = Debug|Any CPU
		{7C9C1B6C-0371-4394-B18A-1A54BEB43CEC}.Debug|Any CPU.Build.0 = Debug|Any CPU
		{7C9C1B6C-0371-4394-B18A-1A54BEB43CEC}.Release|Any CPU.ActiveCfg = Release|Any CPU
		{7C9C1B6C-0371-4394-B18A-1A54BEB43CEC}.Release|Any CPU.Build.0 = Release|Any CPU
		{4613CB8A-16E0-4F99-B9FD-DEA4AEF53CF4}.Debug|Any CPU.ActiveCfg = Debug|Any CPU
		{4613CB8A-16E0-4F99-B9FD-DEA4AEF53CF4}.Debug|Any CPU.Build.0 = Debug|Any CPU
		{4613CB8A-16E0-4F99-B9FD-DEA4AEF53CF4}.Release|Any CPU.ActiveCfg = Release|Any CPU
		{4613CB8A-16E0-4F99-B9FD-DEA4AEF53CF4}.Release|Any CPU.Build.0 = Release|Any CPU
		{749E358C-DBC7-4663-A0B5-5B062EE4AE37}.Debug|Any CPU.ActiveCfg = Debug|Any CPU
		{749E358C-DBC7-4663-A0B5-5B062EE4AE37}.Debug|Any CPU.Build.0 = Debug|Any CPU
		{749E358C-DBC7-4663-A0B5-5B062EE4AE37}.Release|Any CPU.ActiveCfg = Release|Any CPU
		{749E358C-DBC7-4663-A0B5-5B062EE4AE37}.Release|Any CPU.Build.0 = Release|Any CPU
		{6EE1E2DC-062C-43DE-84A3-96489A1FBAFF}.Debug|Any CPU.ActiveCfg = Debug|Any CPU
		{6EE1E2DC-062C-43DE-84A3-96489A1FBAFF}.Debug|Any CPU.Build.0 = Debug|Any CPU
		{6EE1E2DC-062C-43DE-84A3-96489A1FBAFF}.Release|Any CPU.ActiveCfg = Release|Any CPU
		{6EE1E2DC-062C-43DE-84A3-96489A1FBAFF}.Release|Any CPU.Build.0 = Release|Any CPU
	EndGlobalSection
EndGlobal
